
Microsoft Visual Studio Solution File, Format Version 12.00
# Visual Studio Version 17
VisualStudioVersion = 17.0.31903.59
MinimumVisualStudioVersion = 10.0.40219.1
Project("{2150E333-8FDC-42A3-9474-1A3956D46DE8}") = "src", "src", "{6ED356A7-8B47-4613-AD01-C85CF28491BD}"
EndProject
Project("{2150E333-8FDC-42A3-9474-1A3956D46DE8}") = "tests", "tests", "{664D406C-2F83-48F0-BFC3-408D5CB53C65}"
EndProject
Project("{2150E333-8FDC-42A3-9474-1A3956D46DE8}") = "Solution Items", "Solution Items", "{E2DA20AA-28D1-455C-BF50-C49A8F831633}"
	ProjectSection(SolutionItems) = preProject
		.gitignore = .gitignore
		README.md = README.md
	EndProjectSection
EndProject
Project("{9A19103F-16F7-4668-BE54-9A1E7A4F7556}") = "WebApi", "src\WebApi\WebApi.csproj", "{342F3934-A896-4715-ABC4-38FEDB6FC1B5}"
EndProject
Project("{FAE04EC0-301F-11D3-BF4B-00C04F79EFBC}") = "Domain", "src\Domain\Domain.csproj", "{9F5BE64F-7BA3-40D2-9DEF-14F534E84989}"
EndProject
Project("{FAE04EC0-301F-11D3-BF4B-00C04F79EFBC}") = "Application", "src\Application\Application.csproj", "{5895FEF3-F864-43DC-AAD5-CFB5D4DFDA13}"
EndProject
Project("{FAE04EC0-301F-11D3-BF4B-00C04F79EFBC}") = "Application.Tests.Unit", "tests\Application.Tests.Unit\Application.Tests.Unit.csproj", "{D2E0ABCE-1476-48D0-862D-9C3B2463C6A2}"
EndProject
Project("{FAE04EC0-301F-11D3-BF4B-00C04F79EFBC}") = "Application.Tests.Integration", "tests\Application.Tests.Integration\Application.Tests.Integration.csproj", "{4AEA5D73-402B-40D1-9D7B-2C05157D655A}"
EndProject
Project("{FAE04EC0-301F-11D3-BF4B-00C04F79EFBC}") = "Domain.Tests.Unit", "tests\Domain.Tests.Unit\Domain.Tests.Unit.csproj", "{756F749A-A911-41F7-AB7F-3C19AA0488A7}"
EndProject
Project("{FAE04EC0-301F-11D3-BF4B-00C04F79EFBC}") = "Infrastructure", "src\Infrastructure\Infrastructure.csproj", "{FBBC90CE-43DC-423C-87B8-110C81C623C6}"
EndProject
Global
	GlobalSection(SolutionConfigurationPlatforms) = preSolution
		Debug|Any CPU = Debug|Any CPU
		Release|Any CPU = Release|Any CPU
	EndGlobalSection
	GlobalSection(ProjectConfigurationPlatforms) = postSolution
		{342F3934-A896-4715-ABC4-38FEDB6FC1B5}.Debug|Any CPU.ActiveCfg = Debug|Any CPU
		{342F3934-A896-4715-ABC4-38FEDB6FC1B5}.Debug|Any CPU.Build.0 = Debug|Any CPU
		{342F3934-A896-4715-ABC4-38FEDB6FC1B5}.Release|Any CPU.ActiveCfg = Release|Any CPU
		{342F3934-A896-4715-ABC4-38FEDB6FC1B5}.Release|Any CPU.Build.0 = Release|Any CPU
		{9F5BE64F-7BA3-40D2-9DEF-14F534E84989}.Debug|Any CPU.ActiveCfg = Debug|Any CPU
		{9F5BE64F-7BA3-40D2-9DEF-14F534E84989}.Debug|Any CPU.Build.0 = Debug|Any CPU
		{9F5BE64F-7BA3-40D2-9DEF-14F534E84989}.Release|Any CPU.ActiveCfg = Release|Any CPU
		{9F5BE64F-7BA3-40D2-9DEF-14F534E84989}.Release|Any CPU.Build.0 = Release|Any CPU
		{5895FEF3-F864-43DC-AAD5-CFB5D4DFDA13}.Debug|Any CPU.ActiveCfg = Debug|Any CPU
		{5895FEF3-F864-43DC-AAD5-CFB5D4DFDA13}.Debug|Any CPU.Build.0 = Debug|Any CPU
		{5895FEF3-F864-43DC-AAD5-CFB5D4DFDA13}.Release|Any CPU.ActiveCfg = Release|Any CPU
		{5895FEF3-F864-43DC-AAD5-CFB5D4DFDA13}.Release|Any CPU.Build.0 = Release|Any CPU
		{D2E0ABCE-1476-48D0-862D-9C3B2463C6A2}.Debug|Any CPU.ActiveCfg = Debug|Any CPU
		{D2E0ABCE-1476-48D0-862D-9C3B2463C6A2}.Debug|Any CPU.Build.0 = Debug|Any CPU
		{D2E0ABCE-1476-48D0-862D-9C3B2463C6A2}.Release|Any CPU.ActiveCfg = Release|Any CPU
		{D2E0ABCE-1476-48D0-862D-9C3B2463C6A2}.Release|Any CPU.Build.0 = Release|Any CPU
		{4AEA5D73-402B-40D1-9D7B-2C05157D655A}.Debug|Any CPU.ActiveCfg = Debug|Any CPU
		{4AEA5D73-402B-40D1-9D7B-2C05157D655A}.Debug|Any CPU.Build.0 = Debug|Any CPU
		{4AEA5D73-402B-40D1-9D7B-2C05157D655A}.Release|Any CPU.ActiveCfg = Release|Any CPU
		{4AEA5D73-402B-40D1-9D7B-2C05157D655A}.Release|Any CPU.Build.0 = Release|Any CPU
		{756F749A-A911-41F7-AB7F-3C19AA0488A7}.Debug|Any CPU.ActiveCfg = Debug|Any CPU
		{756F749A-A911-41F7-AB7F-3C19AA0488A7}.Debug|Any CPU.Build.0 = Debug|Any CPU
		{756F749A-A911-41F7-AB7F-3C19AA0488A7}.Release|Any CPU.ActiveCfg = Release|Any CPU
		{756F749A-A911-41F7-AB7F-3C19AA0488A7}.Release|Any CPU.Build.0 = Release|Any CPU
		{FBBC90CE-43DC-423C-87B8-110C81C623C6}.Debug|Any CPU.ActiveCfg = Debug|Any CPU
		{FBBC90CE-43DC-423C-87B8-110C81C623C6}.Debug|Any CPU.Build.0 = Debug|Any CPU
		{FBBC90CE-43DC-423C-87B8-110C81C623C6}.Release|Any CPU.ActiveCfg = Release|Any CPU
		{FBBC90CE-43DC-423C-87B8-110C81C623C6}.Release|Any CPU.Build.0 = Release|Any CPU
	EndGlobalSection
	GlobalSection(SolutionProperties) = preSolution
		HideSolutionNode = FALSE
	EndGlobalSection
	GlobalSection(NestedProjects) = preSolution
		{342F3934-A896-4715-ABC4-38FEDB6FC1B5} = {6ED356A7-8B47-4613-AD01-C85CF28491BD}
		{9F5BE64F-7BA3-40D2-9DEF-14F534E84989} = {6ED356A7-8B47-4613-AD01-C85CF28491BD}
		{5895FEF3-F864-43DC-AAD5-CFB5D4DFDA13} = {6ED356A7-8B47-4613-AD01-C85CF28491BD}
		{D2E0ABCE-1476-48D0-862D-9C3B2463C6A2} = {664D406C-2F83-48F0-BFC3-408D5CB53C65}
		{4AEA5D73-402B-40D1-9D7B-2C05157D655A} = {664D406C-2F83-48F0-BFC3-408D5CB53C65}
		{756F749A-A911-41F7-AB7F-3C19AA0488A7} = {664D406C-2F83-48F0-BFC3-408D5CB53C65}
		{FBBC90CE-43DC-423C-87B8-110C81C623C6} = {6ED356A7-8B47-4613-AD01-C85CF28491BD}
	EndGlobalSection
	GlobalSection(ExtensibilityGlobals) = postSolution
		SolutionGuid = {3CB609D9-5D54-4C11-A371-DAAC8B74E430}
	EndGlobalSection
EndGlobal
